github.com/BurntSushi/toml v1.4.0 h1:kuoIxZQy2WRRk1pttg9asf+WVv6tWQuBNVmK8+nqPr0=
github.com/BurntSushi/toml v1.4.0/go.mod h1:ukJfTF/6rtPPRCnwkur4qwRxa8vTRFBF0uk2lLoLwho=
github.com/ChannelMeter/iso8601duration v0.0.0-20150204201828-8da3af7a2a61 h1:N5Vqww5QISEHsWHOWDEx4PzdIay3Cg0Jp7zItq2ZAro=
github.com/ChannelMeter/iso8601duration v0.0.0-20150204201828-8da3af7a2a61/go.mod h1:GnKXcK+7DYNy/8w2Ex//Uql4IgfaU82Cd5rWKb7ah00=
github.com/apognu/gocal v0.9.1-0.20230530111647-31d5c7a8c5ba h1:ZaHDDqa8MV838CafOrcVrbnZQvlv4vOaT3v0q3NL5G8=
github.com/apognu/gocal v0.9.1-0.20230530111647-31d5c7a8c5ba/go.mod h1:5tNvJsQGJHwS3KqWxHAFZzavC4k42jrJ3ouVmOzS/AM=
github.com/channelmeter/iso8601duration v0.0.0-20150204201828-8da3af7a2a61 h1:o64h9XF42kVEUuhuer2ehqrlX8rZmvQSU0+Vpj1rF6Q=
github.com/channelmeter/iso8601duration v0.0.0-20150204201828-8da3af7a2a61/go.mod h1:Rp8e0DCtEKwXFOC6JPJQVTz8tuGoGvw6Xfexggh/ed0=
github.com/davecgh/go-spew v1.1.1 h1:vj9j/u1bqnvCEfJOwUhtlOARqs3+rkHYY13jYWTU97c=
github.com/davecgh/go-spew v1.1.1/go.mod h1:J7Y8YcW2NihsgmVo/mv3lAwl/skON4iLHjSsI+c5H38=
github.com/google/gofuzz v1.2.0 h1:xRy4A+RhZaiKjJ1bPfwQ8sedCA+YS2YcCHW6ec7JMi0=
github.com/google/gofuzz v1.2.0/go.mod h1:dBl0BpW6vV/+mYPU4Po3pmUjxk6FQPldtuIdl/M65Eg=
github.com/gorilla/csrf v1.7.3 h1:BHWt6FTLZAb2HtWT5KDBf6qgpZzvtbp9QWDRKZMXJC0=
github.com/gorilla/csrf v1.7.3/go.mod h1:F1Fj3KG23WYHE6gozCmBAezKookxbIvUJT+121wTuLk=
github.com/gorilla/securecookie v1.1.2 h1:YCIWL56dvtr73r6715mJs5ZvhtnY73hBvEF8kXD8ePA=
github.com/gorilla/securecookie v1.1.2/go.mod h1:NfCASbcHqRSY+3a8tlWJwsQap2VX5pwzwo4h3eOamfo=
github.com/matthewhartstonge/argon2 v1.3.2 h1:Y3VvOw0hcvedKXvUGh2M1pskYHuFlu+JYlAnjzYpgws=
github.com/matthewhartstonge/argon2 v1.3.2/go.mod h1:oOJesjWRJYBO4mIM8hsV+GWLm7jMBnITov8nAyc6KVk=
github.com/mattn/go-sqlite3 v1.14.28 h1:ThEiQrnbtumT+QMknw63Befp/ce/nUPgBPMlRFEum7A=
github.com/mattn/go-sqlite3 v1.14.28/go.mod h1:Uh1q+B4BYcTPb+yiD3kU8Ct7aC0hY9fxUwlHK0RXw+Y=
github.com/pmezard/go-difflib v1.0.0 h1:4DBwDE0NGyQoBHbLQYPwSUPoCMWR5BEzIk/f1lZbAQM=
github.com/pmezard/go-difflib v1.0.0/go.mod h1:iKH77koFhYxTK1pcRnkKkqfTogsbg7gZNVY4sRDYZ/4=
github.com/stretchr/testify v1.2.2 h1:bSDNvY7ZPG5RlJ8otE/7V6gMiyenm9RtJ7IUVIAoJ1w=
github.com/stretchr/testify v1.2.2/go.mod h1:a8OnRcib4nhh0OaRAV+Yts87kKdq0PP7pXfy6kDkUVs=
golang.org/x/crypto v0.39.0 h1:SHs+kF4LP+f+p14esP5jAoDpHU8Gu/v9lFRK6IT5imM=
golang.org/x/crypto v0.39.0/go.mod h1:L+Xg3Wf6HoL4Bn4238Z6ft6KfEpN0tJGo53AAPC632U=
golang.org/x/sys v0.33.0 h1:q3i8TbbEz+JRD9ywIRlyRAQbM0qF7hu24q3teo2hbuw=
golang.org/x/sys v0.33.0/go.mod h1:BJP2sWEmIv4KK5OTEluFJCKSidICx8ciO85XgH3Ak8k=
