github.com/BurntSushi/toml v1.4.0 h1:kuoIxZQy2WRRk1pttg9asf+WVv6tWQuBNVmK8+nqPr0=
github.com/BurntSushi/toml v1.4.0/go.mod h1:ukJfTF/6rtPPRCnwkur4qwRxa8vTRFBF0uk2lLoLwho=
github.com/ChannelMeter/iso8601duration v0.0.0-20150204201828-8da3af7a2a61 h1:N5Vqww5QISEHsWHOWDEx4PzdIay3Cg0Jp7zItq2ZAro=
github.com/ChannelMeter/iso8601duration v0.0.0-20150204201828-8da3af7a2a61/go.mod h1:GnKXcK+7DYNy/8w2Ex//Uql4IgfaU82Cd5rWKb7ah00=
github.com/apognu/gocal v0.9.1-0.20230530111647-31d5c7a8c5ba h1:ZaHDDqa8MV838CafOrcVrbnZQvlv4vOaT3v0q3NL5G8=
github.com/apognu/gocal v0.9.1-0.20230530111647-31d5c7a8c5ba/go.mod h1:5tNvJsQGJHwS3KqWxHAFZzavC4k42jrJ3ouVmOzS/AM=
github.com/channelmeter/iso8601duration v0.0.0-20150204201828-8da3af7a2a61 h1:o64h9XF42kVEUuhuer2ehqrlX8rZmvQSU0+Vpj1rF6Q=
github.com/channelmeter/iso8601duration v0.0.0-20150204201828-8da3af7a2a61/go.mod h1:Rp8e0DCtEKwXFOC6JPJQVTz8tuGoGvw6Xfexggh/ed0=
github.com/davecgh/go-spew v1.1.1 h1:vj9j/u1bqnvCEfJOwUhtlOARqs3+rkHYY13jYWTU97c=
github.com/davecgh/go-spew v1.1.1/go.mod h1:J7Y8YcW2NihsgmVo/mv3lAwl/skON4iLHjSsI+c5H38=
github.com/mattn/go-sqlite3 v1.14.28 h1:ThEiQrnbtumT+QMknw63Befp/ce/nUPgBPMlRFEum7A=
github.com/mattn/go-sqlite3 v1.14.28/go.mod h1:Uh1q+B4BYcTPb+yiD3kU8Ct7aC0hY9fxUwlHK0RXw+Y=
github.com/pmezard/go-difflib v1.0.0 h1:4DBwDE0NGyQoBHbLQYPwSUPoCMWR5BEzIk/f1lZbAQM=
github.com/pmezard/go-difflib v1.0.0/go.mod h1:iKH77koFhYxTK1pcRnkKkqfTogsbg7gZNVY4sRDYZ/4=
github.com/stretchr/testify v1.2.2 h1:bSDNvY7ZPG5RlJ8otE/7V6gMiyenm9RtJ7IUVIAoJ1w=
github.com/stretchr/testify v1.2.2/go.mod h1:a8OnRcib4nhh0OaRAV+Yts87kKdq0PP7pXfy6kDkUVs=
